
Microsoft Visual Studio Solution File, Format Version 12.00
Project("{FAE04EC0-301F-11D3-BF4B-00C04F79EFBC}") = "helloapp", "helloapp\helloapp.csproj", "{08D64DA4-E68F-42BC-BC11-043D97A23B92}"
EndProject
Global
	GlobalSection(SolutionConfigurationPlatforms) = preSolution
		Debug|Any CPU = Debug|Any CPU
		Release|Any CPU = Release|Any CPU
	EndGlobalSection
	GlobalSection(ProjectConfigurationPlatforms) = postSolution
		{08D64DA4-E68F-42BC-BC11-043D97A23B92}.Debug|Any CPU.ActiveCfg = Debug|Any CPU
		{08D64DA4-E68F-42BC-BC11-043D97A23B92}.Debug|Any CPU.Build.0 = Debug|Any CPU
		{08D64DA4-E68F-42BC-BC11-043D97A23B92}.Release|Any CPU.ActiveCfg = Release|Any CPU
		{08D64DA4-E68F-42BC-BC11-043D97A23B92}.Release|Any CPU.Build.0 = Release|Any CPU
	EndGlobalSection
EndGlobal
